// !$*UTF8*$!
{
	archiveVersion = 1;
	classes = {
	};
	objectVersion = 51;
	objects = {

/* Begin PBXBuildFile section */
		1C051BD629E556C57C392271 /* Pods_FoodyScanTests.framework in Frameworks */ = {isa = PBXBuildFile; fileRef = 49C5A701C5207D1074B475E3 /* Pods_FoodyScanTests.framework */; };
		405E9917AF7F8DB12BAA0531 /* Pods_FoodyScan_FoodyScanUITests.framework in Frameworks */ = {isa = PBXBuildFile; fileRef = FA85FE47213B5F99CC2FF545 /* Pods_FoodyScan_FoodyScanUITests.framework */; };
		60116BF324C99DE300DF9E09 /* AppDelegate.swift in Sources */ = {isa = PBXBuildFile; fileRef = 60116BF224C99DE300DF9E09 /* AppDelegate.swift */; };
		60116BF524C99DE300DF9E09 /* SceneDelegate.swift in Sources */ = {isa = PBXBuildFile; fileRef = 60116BF424C99DE300DF9E09 /* SceneDelegate.swift */; };
		60116BFA24C99DE300DF9E09 /* ContentView.swift in Sources */ = {isa = PBXBuildFile; fileRef = 60116BF924C99DE300DF9E09 /* ContentView.swift */; };
		60116BFF24C99DE500DF9E09 /* Preview Assets.xcassets in Resources */ = {isa = PBXBuildFile; fileRef = 60116BFE24C99DE500DF9E09 /* Preview Assets.xcassets */; };
		60116C0224C99DE500DF9E09 /* LaunchScreen.storyboard in Resources */ = {isa = PBXBuildFile; fileRef = 60116C0024C99DE500DF9E09 /* LaunchScreen.storyboard */; };
		60116C0D24C99DE500DF9E09 /* FoodyScanTests.swift in Sources */ = {isa = PBXBuildFile; fileRef = 60116C0C24C99DE500DF9E09 /* FoodyScanTests.swift */; };
		60116C1824C99DE600DF9E09 /* FoodyScanUITests.swift in Sources */ = {isa = PBXBuildFile; fileRef = 60116C1724C99DE600DF9E09 /* FoodyScanUITests.swift */; };
		60116C2624C99EF700DF9E09 /* GoogleService-Info.plist in Resources */ = {isa = PBXBuildFile; fileRef = 60116C2524C99EF700DF9E09 /* GoogleService-Info.plist */; };
		60116C2824C9A0BC00DF9E09 /* HomeScreenView.swift in Sources */ = {isa = PBXBuildFile; fileRef = 60116C2724C9A0BC00DF9E09 /* HomeScreenView.swift */; };
		60116C2A24C9A32F00DF9E09 /* Assets.xcassets in Resources */ = {isa = PBXBuildFile; fileRef = 60116C2924C9A32F00DF9E09 /* Assets.xcassets */; };
		60327ED324CE242E003D49F7 /* ScannerViewModel.swift in Sources */ = {isa = PBXBuildFile; fileRef = 60327ED224CE242E003D49F7 /* ScannerViewModel.swift */; };
		60327ED524CE24A9003D49F7 /* ScannerView.swift in Sources */ = {isa = PBXBuildFile; fileRef = 60327ED424CE24A9003D49F7 /* ScannerView.swift */; };
		60327ED724CE25CE003D49F7 /* QrCodeCameraDelegate.swift in Sources */ = {isa = PBXBuildFile; fileRef = 60327ED624CE25CE003D49F7 /* QrCodeCameraDelegate.swift */; };
		60327ED924CE2606003D49F7 /* CameraPreview.swift in Sources */ = {isa = PBXBuildFile; fileRef = 60327ED824CE2606003D49F7 /* CameraPreview.swift */; };
		60327EDB24CE2680003D49F7 /* QrCodeScannerView.swift in Sources */ = {isa = PBXBuildFile; fileRef = 60327EDA24CE2680003D49F7 /* QrCodeScannerView.swift */; };
		60327EE124CE2922003D49F7 /* ProductInfoView.swift in Sources */ = {isa = PBXBuildFile; fileRef = 60327EE024CE2922003D49F7 /* ProductInfoView.swift */; };
		605ADB8324CCD4C800E4A200 /* DailyIntakeParrallax.swift in Sources */ = {isa = PBXBuildFile; fileRef = 605ADB8224CCD4C800E4A200 /* DailyIntakeParrallax.swift */; };
		605EB62124CD8E91005EA648 /* FoodyScan.xcdatamodeld in Sources */ = {isa = PBXBuildFile; fileRef = 605EB61F24CD8E91005EA648 /* FoodyScan.xcdatamodeld */; };
		6075E0BE24CB1FA300712730 /* DailyIntakeCalculatorView.swift in Sources */ = {isa = PBXBuildFile; fileRef = 6075E0BD24CB1FA300712730 /* DailyIntakeCalculatorView.swift */; };
		607E384924CAE0B30073DDFD /* MenuView.swift in Sources */ = {isa = PBXBuildFile; fileRef = 607E384824CAE0B30073DDFD /* MenuView.swift */; };
		60B5EC5A24CC407A008EFC70 /* UserSettings.swift in Sources */ = {isa = PBXBuildFile; fileRef = 60B5EC5924CC407A008EFC70 /* UserSettings.swift */; };
		60F5F11624CA31FD00835292 /* Login.swift in Sources */ = {isa = PBXBuildFile; fileRef = 60F5F11524CA31FD00835292 /* Login.swift */; };
		60F5F11824CA334B00835292 /* SignUp.swift in Sources */ = {isa = PBXBuildFile; fileRef = 60F5F11724CA334B00835292 /* SignUp.swift */; };
		60F5F11A24CA33B300835292 /* GoogleLoginView.swift in Sources */ = {isa = PBXBuildFile; fileRef = 60F5F11924CA33B300835292 /* GoogleLoginView.swift */; };
		60F5F11D24CA356000835292 /* ErrorView.swift in Sources */ = {isa = PBXBuildFile; fileRef = 60F5F11C24CA356000835292 /* ErrorView.swift */; };
		E87F11E88F504D4859D4E2DD /* Pods_FoodyScan.framework in Frameworks */ = {isa = PBXBuildFile; fileRef = 9033DD7D3E46DB96014E7A2A /* Pods_FoodyScan.framework */; };
/* End PBXBuildFile section */

/* Begin PBXContainerItemProxy section */
		60116C0924C99DE500DF9E09 /* PBXContainerItemProxy */ = {
			isa = PBXContainerItemProxy;
			containerPortal = 60116BE724C99DE300DF9E09 /* Project object */;
			proxyType = 1;
			remoteGlobalIDString = 60116BEE24C99DE300DF9E09;
			remoteInfo = FoodyScan;
		};
		60116C1424C99DE600DF9E09 /* PBXContainerItemProxy */ = {
			isa = PBXContainerItemProxy;
			containerPortal = 60116BE724C99DE300DF9E09 /* Project object */;
			proxyType = 1;
			remoteGlobalIDString = 60116BEE24C99DE300DF9E09;
			remoteInfo = FoodyScan;
		};
/* End PBXContainerItemProxy section */

/* Begin PBXCopyFilesBuildPhase section */
		605EB61D24CD8D7B005EA648 /* CopyFiles */ = {
			isa = PBXCopyFilesBuildPhase;
			buildActionMask = 2147483647;
			dstPath = "";
			dstSubfolderSpec = 7;
			files = (
			);
			runOnlyForDeploymentPostprocessing = 0;
		};
/* End PBXCopyFilesBuildPhase section */

/* Begin PBXFileReference section */
		060728A70B162DEC778F29DD /* Pods-FoodyScan-FoodyScanUITests.debug.xcconfig */ = {isa = PBXFileReference; includeInIndex = 1; lastKnownFileType = text.xcconfig; name = "Pods-FoodyScan-FoodyScanUITests.debug.xcconfig"; path = "Target Support Files/Pods-FoodyScan-FoodyScanUITests/Pods-FoodyScan-FoodyScanUITests.debug.xcconfig"; sourceTree = "<group>"; };
		09C8190BD6E24BA136DFE24E /* Pods-FoodyScan-FoodyScanUITests.release.xcconfig */ = {isa = PBXFileReference; includeInIndex = 1; lastKnownFileType = text.xcconfig; name = "Pods-FoodyScan-FoodyScanUITests.release.xcconfig"; path = "Target Support Files/Pods-FoodyScan-FoodyScanUITests/Pods-FoodyScan-FoodyScanUITests.release.xcconfig"; sourceTree = "<group>"; };
		49C5A701C5207D1074B475E3 /* Pods_FoodyScanTests.framework */ = {isa = PBXFileReference; explicitFileType = wrapper.framework; includeInIndex = 0; path = Pods_FoodyScanTests.framework; sourceTree = BUILT_PRODUCTS_DIR; };
		5681C2F323F2153B14DD313F /* Pods-FoodyScanTests.release.xcconfig */ = {isa = PBXFileReference; includeInIndex = 1; lastKnownFileType = text.xcconfig; name = "Pods-FoodyScanTests.release.xcconfig"; path = "Target Support Files/Pods-FoodyScanTests/Pods-FoodyScanTests.release.xcconfig"; sourceTree = "<group>"; };
		60116BEF24C99DE300DF9E09 /* FoodyScan.app */ = {isa = PBXFileReference; explicitFileType = wrapper.application; includeInIndex = 0; path = FoodyScan.app; sourceTree = BUILT_PRODUCTS_DIR; };
		60116BF224C99DE300DF9E09 /* AppDelegate.swift */ = {isa = PBXFileReference; lastKnownFileType = sourcecode.swift; path = AppDelegate.swift; sourceTree = "<group>"; };
		60116BF424C99DE300DF9E09 /* SceneDelegate.swift */ = {isa = PBXFileReference; lastKnownFileType = sourcecode.swift; path = SceneDelegate.swift; sourceTree = "<group>"; };
		60116BF924C99DE300DF9E09 /* ContentView.swift */ = {isa = PBXFileReference; lastKnownFileType = sourcecode.swift; path = ContentView.swift; sourceTree = "<group>"; };
		60116BFE24C99DE500DF9E09 /* Preview Assets.xcassets */ = {isa = PBXFileReference; lastKnownFileType = folder.assetcatalog; path = "Preview Assets.xcassets"; sourceTree = "<group>"; };
		60116C0124C99DE500DF9E09 /* Base */ = {isa = PBXFileReference; lastKnownFileType = file.storyboard; name = Base; path = Base.lproj/LaunchScreen.storyboard; sourceTree = "<group>"; };
		60116C0324C99DE500DF9E09 /* Info.plist */ = {isa = PBXFileReference; lastKnownFileType = text.plist.xml; path = Info.plist; sourceTree = "<group>"; };
		60116C0824C99DE500DF9E09 /* FoodyScanTests.xctest */ = {isa = PBXFileReference; explicitFileType = wrapper.cfbundle; includeInIndex = 0; path = FoodyScanTests.xctest; sourceTree = BUILT_PRODUCTS_DIR; };
		60116C0C24C99DE500DF9E09 /* FoodyScanTests.swift */ = {isa = PBXFileReference; lastKnownFileType = sourcecode.swift; path = FoodyScanTests.swift; sourceTree = "<group>"; };
		60116C0E24C99DE500DF9E09 /* Info.plist */ = {isa = PBXFileReference; lastKnownFileType = text.plist.xml; path = Info.plist; sourceTree = "<group>"; };
		60116C1324C99DE600DF9E09 /* FoodyScanUITests.xctest */ = {isa = PBXFileReference; explicitFileType = wrapper.cfbundle; includeInIndex = 0; path = FoodyScanUITests.xctest; sourceTree = BUILT_PRODUCTS_DIR; };
		60116C1724C99DE600DF9E09 /* FoodyScanUITests.swift */ = {isa = PBXFileReference; lastKnownFileType = sourcecode.swift; path = FoodyScanUITests.swift; sourceTree = "<group>"; };
		60116C1924C99DE600DF9E09 /* Info.plist */ = {isa = PBXFileReference; lastKnownFileType = text.plist.xml; path = Info.plist; sourceTree = "<group>"; };
		60116C2524C99EF700DF9E09 /* GoogleService-Info.plist */ = {isa = PBXFileReference; fileEncoding = 4; lastKnownFileType = text.plist.xml; path = "GoogleService-Info.plist"; sourceTree = "<group>"; };
		60116C2724C9A0BC00DF9E09 /* HomeScreenView.swift */ = {isa = PBXFileReference; lastKnownFileType = sourcecode.swift; path = HomeScreenView.swift; sourceTree = "<group>"; };
		60116C2924C9A32F00DF9E09 /* Assets.xcassets */ = {isa = PBXFileReference; lastKnownFileType = folder.assetcatalog; path = Assets.xcassets; sourceTree = "<group>"; };
		60327ED224CE242E003D49F7 /* ScannerViewModel.swift */ = {isa = PBXFileReference; lastKnownFileType = sourcecode.swift; path = ScannerViewModel.swift; sourceTree = "<group>"; };
		60327ED424CE24A9003D49F7 /* ScannerView.swift */ = {isa = PBXFileReference; lastKnownFileType = sourcecode.swift; path = ScannerView.swift; sourceTree = "<group>"; };
		60327ED624CE25CE003D49F7 /* QrCodeCameraDelegate.swift */ = {isa = PBXFileReference; lastKnownFileType = sourcecode.swift; path = QrCodeCameraDelegate.swift; sourceTree = "<group>"; };
		60327ED824CE2606003D49F7 /* CameraPreview.swift */ = {isa = PBXFileReference; lastKnownFileType = sourcecode.swift; path = CameraPreview.swift; sourceTree = "<group>"; };
		60327EDA24CE2680003D49F7 /* QrCodeScannerView.swift */ = {isa = PBXFileReference; lastKnownFileType = sourcecode.swift; path = QrCodeScannerView.swift; sourceTree = "<group>"; };
		60327EE024CE2922003D49F7 /* ProductInfoView.swift */ = {isa = PBXFileReference; lastKnownFileType = sourcecode.swift; path = ProductInfoView.swift; sourceTree = "<group>"; };
		605ADB8224CCD4C800E4A200 /* DailyIntakeParrallax.swift */ = {isa = PBXFileReference; lastKnownFileType = sourcecode.swift; path = DailyIntakeParrallax.swift; sourceTree = "<group>"; };
		605EB62024CD8E91005EA648 /* FoodyScan.xcdatamodel */ = {isa = PBXFileReference; lastKnownFileType = wrapper.xcdatamodel; path = FoodyScan.xcdatamodel; sourceTree = "<group>"; };
		6075E0BD24CB1FA300712730 /* DailyIntakeCalculatorView.swift */ = {isa = PBXFileReference; lastKnownFileType = sourcecode.swift; path = DailyIntakeCalculatorView.swift; sourceTree = "<group>"; };
		607E384824CAE0B30073DDFD /* MenuView.swift */ = {isa = PBXFileReference; lastKnownFileType = sourcecode.swift; path = MenuView.swift; sourceTree = "<group>"; };
		60B5EC5924CC407A008EFC70 /* UserSettings.swift */ = {isa = PBXFileReference; lastKnownFileType = sourcecode.swift; path = UserSettings.swift; sourceTree = "<group>"; };
		60F5F11524CA31FD00835292 /* Login.swift */ = {isa = PBXFileReference; lastKnownFileType = sourcecode.swift; path = Login.swift; sourceTree = "<group>"; };
		60F5F11724CA334B00835292 /* SignUp.swift */ = {isa = PBXFileReference; lastKnownFileType = sourcecode.swift; path = SignUp.swift; sourceTree = "<group>"; };
		60F5F11924CA33B300835292 /* GoogleLoginView.swift */ = {isa = PBXFileReference; lastKnownFileType = sourcecode.swift; path = GoogleLoginView.swift; sourceTree = "<group>"; };
		60F5F11C24CA356000835292 /* ErrorView.swift */ = {isa = PBXFileReference; lastKnownFileType = sourcecode.swift; path = ErrorView.swift; sourceTree = "<group>"; };
		8A58E9D8EC05A3DD002A3AC7 /* Pods-FoodyScanTests.debug.xcconfig */ = {isa = PBXFileReference; includeInIndex = 1; lastKnownFileType = text.xcconfig; name = "Pods-FoodyScanTests.debug.xcconfig"; path = "Target Support Files/Pods-FoodyScanTests/Pods-FoodyScanTests.debug.xcconfig"; sourceTree = "<group>"; };
		9033DD7D3E46DB96014E7A2A /* Pods_FoodyScan.framework */ = {isa = PBXFileReference; explicitFileType = wrapper.framework; includeInIndex = 0; path = Pods_FoodyScan.framework; sourceTree = BUILT_PRODUCTS_DIR; };
		C7FFD4961E699F2F33C97446 /* Pods-FoodyScan.debug.xcconfig */ = {isa = PBXFileReference; includeInIndex = 1; lastKnownFileType = text.xcconfig; name = "Pods-FoodyScan.debug.xcconfig"; path = "Target Support Files/Pods-FoodyScan/Pods-FoodyScan.debug.xcconfig"; sourceTree = "<group>"; };
		D69A2FEFD4978B6FD065F588 /* Pods-FoodyScan.release.xcconfig */ = {isa = PBXFileReference; includeInIndex = 1; lastKnownFileType = text.xcconfig; name = "Pods-FoodyScan.release.xcconfig"; path = "Target Support Files/Pods-FoodyScan/Pods-FoodyScan.release.xcconfig"; sourceTree = "<group>"; };
		FA85FE47213B5F99CC2FF545 /* Pods_FoodyScan_FoodyScanUITests.framework */ = {isa = PBXFileReference; explicitFileType = wrapper.framework; includeInIndex = 0; path = Pods_FoodyScan_FoodyScanUITests.framework; sourceTree = BUILT_PRODUCTS_DIR; };
/* End PBXFileReference section */

/* Begin PBXFrameworksBuildPhase section */
		60116BEC24C99DE300DF9E09 /* Frameworks */ = {
			isa = PBXFrameworksBuildPhase;
			buildActionMask = 2147483647;
			files = (
				E87F11E88F504D4859D4E2DD /* Pods_FoodyScan.framework in Frameworks */,
			);
			runOnlyForDeploymentPostprocessing = 0;
		};
		60116C0524C99DE500DF9E09 /* Frameworks */ = {
			isa = PBXFrameworksBuildPhase;
			buildActionMask = 2147483647;
			files = (
				1C051BD629E556C57C392271 /* Pods_FoodyScanTests.framework in Frameworks */,
			);
			runOnlyForDeploymentPostprocessing = 0;
		};
		60116C1024C99DE600DF9E09 /* Frameworks */ = {
			isa = PBXFrameworksBuildPhase;
			buildActionMask = 2147483647;
			files = (
				405E9917AF7F8DB12BAA0531 /* Pods_FoodyScan_FoodyScanUITests.framework in Frameworks */,
			);
			runOnlyForDeploymentPostprocessing = 0;
		};
/* End PBXFrameworksBuildPhase section */

/* Begin PBXGroup section */
		60116BE624C99DE300DF9E09 = {
			isa = PBXGroup;
			children = (
				60116BF124C99DE300DF9E09 /* FoodyScan */,
				60116C0B24C99DE500DF9E09 /* FoodyScanTests */,
				60116C1624C99DE600DF9E09 /* FoodyScanUITests */,
				60116BF024C99DE300DF9E09 /* Products */,
				6D7894DDEAA28D10A3AB29F9 /* Pods */,
				EAB9A4D931B9A46358FB2CA1 /* Frameworks */,
			);
			sourceTree = "<group>";
		};
		60116BF024C99DE300DF9E09 /* Products */ = {
			isa = PBXGroup;
			children = (
				60116BEF24C99DE300DF9E09 /* FoodyScan.app */,
				60116C0824C99DE500DF9E09 /* FoodyScanTests.xctest */,
				60116C1324C99DE600DF9E09 /* FoodyScanUITests.xctest */,
			);
			name = Products;
			sourceTree = "<group>";
		};
		60116BF124C99DE300DF9E09 /* FoodyScan */ = {
			isa = PBXGroup;
			children = (
				60327ED124CE23E2003D49F7 /* QrCode Module */,
				607E384A24CAF34F0073DDFD /* Main Menu Views */,
				60F5F11B24CA34F600835292 /* Login  */,
				60116C2924C9A32F00DF9E09 /* Assets.xcassets */,
				60116C2524C99EF700DF9E09 /* GoogleService-Info.plist */,
				60116BF224C99DE300DF9E09 /* AppDelegate.swift */,
				60116BF424C99DE300DF9E09 /* SceneDelegate.swift */,
				60116BF924C99DE300DF9E09 /* ContentView.swift */,
				60116C0024C99DE500DF9E09 /* LaunchScreen.storyboard */,
				60116C0324C99DE500DF9E09 /* Info.plist */,
				605EB61F24CD8E91005EA648 /* FoodyScan.xcdatamodeld */,
				60116BFD24C99DE500DF9E09 /* Preview Content */,
			);
			path = FoodyScan;
			sourceTree = "<group>";
		};
		60116BFD24C99DE500DF9E09 /* Preview Content */ = {
			isa = PBXGroup;
			children = (
				60116BFE24C99DE500DF9E09 /* Preview Assets.xcassets */,
			);
			path = "Preview Content";
			sourceTree = "<group>";
		};
		60116C0B24C99DE500DF9E09 /* FoodyScanTests */ = {
			isa = PBXGroup;
			children = (
				60116C0C24C99DE500DF9E09 /* FoodyScanTests.swift */,
				60116C0E24C99DE500DF9E09 /* Info.plist */,
			);
			path = FoodyScanTests;
			sourceTree = "<group>";
		};
		60116C1624C99DE600DF9E09 /* FoodyScanUITests */ = {
			isa = PBXGroup;
			children = (
				60116C1724C99DE600DF9E09 /* FoodyScanUITests.swift */,
				60116C1924C99DE600DF9E09 /* Info.plist */,
			);
			path = FoodyScanUITests;
			sourceTree = "<group>";
		};
		60327ED124CE23E2003D49F7 /* QrCode Module */ = {
			isa = PBXGroup;
			children = (
				60327ED224CE242E003D49F7 /* ScannerViewModel.swift */,
				60327ED424CE24A9003D49F7 /* ScannerView.swift */,
				60327ED624CE25CE003D49F7 /* QrCodeCameraDelegate.swift */,
				60327ED824CE2606003D49F7 /* CameraPreview.swift */,
				60327EDA24CE2680003D49F7 /* QrCodeScannerView.swift */,
				60327EE024CE2922003D49F7 /* ProductInfoView.swift */,
			);
			path = "QrCode Module";
			sourceTree = "<group>";
		};
		607E384A24CAF34F0073DDFD /* Main Menu Views */ = {
			isa = PBXGroup;
			children = (
				6075E0BD24CB1FA300712730 /* DailyIntakeCalculatorView.swift */,
				60116C2724C9A0BC00DF9E09 /* HomeScreenView.swift */,
				607E384824CAE0B30073DDFD /* MenuView.swift */,
				60B5EC5924CC407A008EFC70 /* UserSettings.swift */,
				605ADB8224CCD4C800E4A200 /* DailyIntakeParrallax.swift */,
			);
			path = "Main Menu Views";
			sourceTree = "<group>";
		};
		60F5F11B24CA34F600835292 /* Login  */ = {
			isa = PBXGroup;
			children = (
				60F5F11C24CA356000835292 /* ErrorView.swift */,
				60F5F11524CA31FD00835292 /* Login.swift */,
				60F5F11724CA334B00835292 /* SignUp.swift */,
				60F5F11924CA33B300835292 /* GoogleLoginView.swift */,
			);
			path = "Login ";
			sourceTree = "<group>";
		};
		6D7894DDEAA28D10A3AB29F9 /* Pods */ = {
			isa = PBXGroup;
			children = (
				C7FFD4961E699F2F33C97446 /* Pods-FoodyScan.debug.xcconfig */,
				D69A2FEFD4978B6FD065F588 /* Pods-FoodyScan.release.xcconfig */,
				060728A70B162DEC778F29DD /* Pods-FoodyScan-FoodyScanUITests.debug.xcconfig */,
				09C8190BD6E24BA136DFE24E /* Pods-FoodyScan-FoodyScanUITests.release.xcconfig */,
				8A58E9D8EC05A3DD002A3AC7 /* Pods-FoodyScanTests.debug.xcconfig */,
				5681C2F323F2153B14DD313F /* Pods-FoodyScanTests.release.xcconfig */,
			);
			path = Pods;
			sourceTree = "<group>";
		};
		EAB9A4D931B9A46358FB2CA1 /* Frameworks */ = {
			isa = PBXGroup;
			children = (
				9033DD7D3E46DB96014E7A2A /* Pods_FoodyScan.framework */,
				FA85FE47213B5F99CC2FF545 /* Pods_FoodyScan_FoodyScanUITests.framework */,
				49C5A701C5207D1074B475E3 /* Pods_FoodyScanTests.framework */,
			);
			name = Frameworks;
			sourceTree = "<group>";
		};
/* End PBXGroup section */

/* Begin PBXNativeTarget section */
		60116BEE24C99DE300DF9E09 /* FoodyScan */ = {
			isa = PBXNativeTarget;
			buildConfigurationList = 60116C1C24C99DE600DF9E09 /* Build configuration list for PBXNativeTarget "FoodyScan" */;
			buildPhases = (
				3EEDBFABE1A9B18EE053E9B6 /* [CP] Check Pods Manifest.lock */,
				60116BEB24C99DE300DF9E09 /* Sources */,
				60116BEC24C99DE300DF9E09 /* Frameworks */,
				60116BED24C99DE300DF9E09 /* Resources */,
				035304422D4DC7191C849CC8 /* [CP] Embed Pods Frameworks */,
				79BB833701AD3A40C970FC77 /* [CP] Copy Pods Resources */,
				605EB61D24CD8D7B005EA648 /* CopyFiles */,
			);
			buildRules = (
			);
			dependencies = (
			);
			name = FoodyScan;
			productName = FoodyScan;
			productReference = 60116BEF24C99DE300DF9E09 /* FoodyScan.app */;
			productType = "com.apple.product-type.application";
		};
		60116C0724C99DE500DF9E09 /* FoodyScanTests */ = {
			isa = PBXNativeTarget;
			buildConfigurationList = 60116C1F24C99DE600DF9E09 /* Build configuration list for PBXNativeTarget "FoodyScanTests" */;
			buildPhases = (
				28AC56E4E360044BA96811D0 /* [CP] Check Pods Manifest.lock */,
				60116C0424C99DE500DF9E09 /* Sources */,
				60116C0524C99DE500DF9E09 /* Frameworks */,
				60116C0624C99DE500DF9E09 /* Resources */,
			);
			buildRules = (
			);
			dependencies = (
				60116C0A24C99DE500DF9E09 /* PBXTargetDependency */,
			);
			name = FoodyScanTests;
			productName = FoodyScanTests;
			productReference = 60116C0824C99DE500DF9E09 /* FoodyScanTests.xctest */;
			productType = "com.apple.product-type.bundle.unit-test";
		};
		60116C1224C99DE600DF9E09 /* FoodyScanUITests */ = {
			isa = PBXNativeTarget;
			buildConfigurationList = 60116C2224C99DE600DF9E09 /* Build configuration list for PBXNativeTarget "FoodyScanUITests" */;
			buildPhases = (
				127B97DCF8BF042266ADA0CC /* [CP] Check Pods Manifest.lock */,
				60116C0F24C99DE600DF9E09 /* Sources */,
				60116C1024C99DE600DF9E09 /* Frameworks */,
				60116C1124C99DE600DF9E09 /* Resources */,
				FC7D3C0391529F3AC4865E65 /* [CP] Embed Pods Frameworks */,
				98DD817133C54F842FA6EEC9 /* [CP] Copy Pods Resources */,
			);
			buildRules = (
			);
			dependencies = (
				60116C1524C99DE600DF9E09 /* PBXTargetDependency */,
			);
			name = FoodyScanUITests;
			productName = FoodyScanUITests;
			productReference = 60116C1324C99DE600DF9E09 /* FoodyScanUITests.xctest */;
			productType = "com.apple.product-type.bundle.ui-testing";
		};
/* End PBXNativeTarget section */

/* Begin PBXProject section */
		60116BE724C99DE300DF9E09 /* Project object */ = {
			isa = PBXProject;
			attributes = {
				LastSwiftUpdateCheck = 1160;
				LastUpgradeCheck = 1160;
				ORGANIZATIONNAME = "Noe De La Croix";
				TargetAttributes = {
					60116BEE24C99DE300DF9E09 = {
						CreatedOnToolsVersion = 11.6;
					};
					60116C0724C99DE500DF9E09 = {
						CreatedOnToolsVersion = 11.6;
						TestTargetID = 60116BEE24C99DE300DF9E09;
					};
					60116C1224C99DE600DF9E09 = {
						CreatedOnToolsVersion = 11.6;
						TestTargetID = 60116BEE24C99DE300DF9E09;
					};
				};
			};
			buildConfigurationList = 60116BEA24C99DE300DF9E09 /* Build configuration list for PBXProject "FoodyScan" */;
			compatibilityVersion = "Xcode 9.3";
			developmentRegion = en;
			hasScannedForEncodings = 0;
			knownRegions = (
				en,
				Base,
			);
			mainGroup = 60116BE624C99DE300DF9E09;
			productRefGroup = 60116BF024C99DE300DF9E09 /* Products */;
			projectDirPath = "";
			projectRoot = "";
			targets = (
				60116BEE24C99DE300DF9E09 /* FoodyScan */,
				60116C0724C99DE500DF9E09 /* FoodyScanTests */,
				60116C1224C99DE600DF9E09 /* FoodyScanUITests */,
			);
		};
/* End PBXProject section */

/* Begin PBXResourcesBuildPhase section */
		60116BED24C99DE300DF9E09 /* Resources */ = {
			isa = PBXResourcesBuildPhase;
			buildActionMask = 2147483647;
			files = (
				60116C0224C99DE500DF9E09 /* LaunchScreen.storyboard in Resources */,
				60116C2624C99EF700DF9E09 /* GoogleService-Info.plist in Resources */,
				60116C2A24C9A32F00DF9E09 /* Assets.xcassets in Resources */,
				60116BFF24C99DE500DF9E09 /* Preview Assets.xcassets in Resources */,
			);
			runOnlyForDeploymentPostprocessing = 0;
		};
		60116C0624C99DE500DF9E09 /* Resources */ = {
			isa = PBXResourcesBuildPhase;
			buildActionMask = 2147483647;
			files = (
			);
			runOnlyForDeploymentPostprocessing = 0;
		};
		60116C1124C99DE600DF9E09 /* Resources */ = {
			isa = PBXResourcesBuildPhase;
			buildActionMask = 2147483647;
			files = (
			);
			runOnlyForDeploymentPostprocessing = 0;
		};
/* End PBXResourcesBuildPhase section */

/* Begin PBXShellScriptBuildPhase section */
		035304422D4DC7191C849CC8 /* [CP] Embed Pods Frameworks */ = {
			isa = PBXShellScriptBuildPhase;
			buildActionMask = 2147483647;
			files = (
			);
			inputFileListPaths = (
				"${PODS_ROOT}/Target Support Files/Pods-FoodyScan/Pods-FoodyScan-frameworks-${CONFIGURATION}-input-files.xcfilelist",
			);
			name = "[CP] Embed Pods Frameworks";
			outputFileListPaths = (
				"${PODS_ROOT}/Target Support Files/Pods-FoodyScan/Pods-FoodyScan-frameworks-${CONFIGURATION}-output-files.xcfilelist",
			);
			runOnlyForDeploymentPostprocessing = 0;
			shellPath = /bin/sh;
			shellScript = "\"${PODS_ROOT}/Target Support Files/Pods-FoodyScan/Pods-FoodyScan-frameworks.sh\"\n";
			showEnvVarsInLog = 0;
		};
		127B97DCF8BF042266ADA0CC /* [CP] Check Pods Manifest.lock */ = {
			isa = PBXShellScriptBuildPhase;
			buildActionMask = 2147483647;
			files = (
			);
			inputFileListPaths = (
			);
			inputPaths = (
				"${PODS_PODFILE_DIR_PATH}/Podfile.lock",
				"${PODS_ROOT}/Manifest.lock",
			);
			name = "[CP] Check Pods Manifest.lock";
			outputFileListPaths = (
			);
			outputPaths = (
				"$(DERIVED_FILE_DIR)/Pods-FoodyScan-FoodyScanUITests-checkManifestLockResult.txt",
			);
			runOnlyForDeploymentPostprocessing = 0;
			shellPath = /bin/sh;
			shellScript = "diff \"${PODS_PODFILE_DIR_PATH}/Podfile.lock\" \"${PODS_ROOT}/Manifest.lock\" > /dev/null\nif [ $? != 0 ] ; then\n    # print error to STDERR\n    echo \"error: The sandbox is not in sync with the Podfile.lock. Run 'pod install' or update your CocoaPods installation.\" >&2\n    exit 1\nfi\n# This output is used by Xcode 'outputs' to avoid re-running this script phase.\necho \"SUCCESS\" > \"${SCRIPT_OUTPUT_FILE_0}\"\n";
			showEnvVarsInLog = 0;
		};
		28AC56E4E360044BA96811D0 /* [CP] Check Pods Manifest.lock */ = {
			isa = PBXShellScriptBuildPhase;
			buildActionMask = 2147483647;
			files = (
			);
			inputFileListPaths = (
			);
			inputPaths = (
				"${PODS_PODFILE_DIR_PATH}/Podfile.lock",
				"${PODS_ROOT}/Manifest.lock",
			);
			name = "[CP] Check Pods Manifest.lock";
			outputFileListPaths = (
			);
			outputPaths = (
				"$(DERIVED_FILE_DIR)/Pods-FoodyScanTests-checkManifestLockResult.txt",
			);
			runOnlyForDeploymentPostprocessing = 0;
			shellPath = /bin/sh;
			shellScript = "diff \"${PODS_PODFILE_DIR_PATH}/Podfile.lock\" \"${PODS_ROOT}/Manifest.lock\" > /dev/null\nif [ $? != 0 ] ; then\n    # print error to STDERR\n    echo \"error: The sandbox is not in sync with the Podfile.lock. Run 'pod install' or update your CocoaPods installation.\" >&2\n    exit 1\nfi\n# This output is used by Xcode 'outputs' to avoid re-running this script phase.\necho \"SUCCESS\" > \"${SCRIPT_OUTPUT_FILE_0}\"\n";
			showEnvVarsInLog = 0;
		};
		3EEDBFABE1A9B18EE053E9B6 /* [CP] Check Pods Manifest.lock */ = {
			isa = PBXShellScriptBuildPhase;
			buildActionMask = 2147483647;
			files = (
			);
			inputFileListPaths = (
			);
			inputPaths = (
				"${PODS_PODFILE_DIR_PATH}/Podfile.lock",
				"${PODS_ROOT}/Manifest.lock",
			);
			name = "[CP] Check Pods Manifest.lock";
			outputFileListPaths = (
			);
			outputPaths = (
				"$(DERIVED_FILE_DIR)/Pods-FoodyScan-checkManifestLockResult.txt",
			);
			runOnlyForDeploymentPostprocessing = 0;
			shellPath = /bin/sh;
			shellScript = "diff \"${PODS_PODFILE_DIR_PATH}/Podfile.lock\" \"${PODS_ROOT}/Manifest.lock\" > /dev/null\nif [ $? != 0 ] ; then\n    # print error to STDERR\n    echo \"error: The sandbox is not in sync with the Podfile.lock. Run 'pod install' or update your CocoaPods installation.\" >&2\n    exit 1\nfi\n# This output is used by Xcode 'outputs' to avoid re-running this script phase.\necho \"SUCCESS\" > \"${SCRIPT_OUTPUT_FILE_0}\"\n";
			showEnvVarsInLog = 0;
		};
		79BB833701AD3A40C970FC77 /* [CP] Copy Pods Resources */ = {
			isa = PBXShellScriptBuildPhase;
			buildActionMask = 2147483647;
			files = (
			);
			inputFileListPaths = (
				"${PODS_ROOT}/Target Support Files/Pods-FoodyScan/Pods-FoodyScan-resources-${CONFIGURATION}-input-files.xcfilelist",
			);
			name = "[CP] Copy Pods Resources";
			outputFileListPaths = (
				"${PODS_ROOT}/Target Support Files/Pods-FoodyScan/Pods-FoodyScan-resources-${CONFIGURATION}-output-files.xcfilelist",
			);
			runOnlyForDeploymentPostprocessing = 0;
			shellPath = /bin/sh;
			shellScript = "\"${PODS_ROOT}/Target Support Files/Pods-FoodyScan/Pods-FoodyScan-resources.sh\"\n";
			showEnvVarsInLog = 0;
		};
		98DD817133C54F842FA6EEC9 /* [CP] Copy Pods Resources */ = {
			isa = PBXShellScriptBuildPhase;
			buildActionMask = 2147483647;
			files = (
			);
			inputFileListPaths = (
				"${PODS_ROOT}/Target Support Files/Pods-FoodyScan-FoodyScanUITests/Pods-FoodyScan-FoodyScanUITests-resources-${CONFIGURATION}-input-files.xcfilelist",
			);
			name = "[CP] Copy Pods Resources";
			outputFileListPaths = (
				"${PODS_ROOT}/Target Support Files/Pods-FoodyScan-FoodyScanUITests/Pods-FoodyScan-FoodyScanUITests-resources-${CONFIGURATION}-output-files.xcfilelist",
			);
			runOnlyForDeploymentPostprocessing = 0;
			shellPath = /bin/sh;
			shellScript = "\"${PODS_ROOT}/Target Support Files/Pods-FoodyScan-FoodyScanUITests/Pods-FoodyScan-FoodyScanUITests-resources.sh\"\n";
			showEnvVarsInLog = 0;
		};
		FC7D3C0391529F3AC4865E65 /* [CP] Embed Pods Frameworks */ = {
			isa = PBXShellScriptBuildPhase;
			buildActionMask = 2147483647;
			files = (
			);
			inputFileListPaths = (
				"${PODS_ROOT}/Target Support Files/Pods-FoodyScan-FoodyScanUITests/Pods-FoodyScan-FoodyScanUITests-frameworks-${CONFIGURATION}-input-files.xcfilelist",
			);
			name = "[CP] Embed Pods Frameworks";
			outputFileListPaths = (
				"${PODS_ROOT}/Target Support Files/Pods-FoodyScan-FoodyScanUITests/Pods-FoodyScan-FoodyScanUITests-frameworks-${CONFIGURATION}-output-files.xcfilelist",
			);
			runOnlyForDeploymentPostprocessing = 0;
			shellPath = /bin/sh;
			shellScript = "\"${PODS_ROOT}/Target Support Files/Pods-FoodyScan-FoodyScanUITests/Pods-FoodyScan-FoodyScanUITests-frameworks.sh\"\n";
			showEnvVarsInLog = 0;
		};
/* End PBXShellScriptBuildPhase section */

/* Begin PBXSourcesBuildPhase section */
		60116BEB24C99DE300DF9E09 /* Sources */ = {
			isa = PBXSourcesBuildPhase;
			buildActionMask = 2147483647;
			files = (
				605EB62124CD8E91005EA648 /* FoodyScan.xcdatamodeld in Sources */,
				60B5EC5A24CC407A008EFC70 /* UserSettings.swift in Sources */,
				60F5F11824CA334B00835292 /* SignUp.swift in Sources */,
				60F5F11A24CA33B300835292 /* GoogleLoginView.swift in Sources */,
				60327EE124CE2922003D49F7 /* ProductInfoView.swift in Sources */,
				60116BF324C99DE300DF9E09 /* AppDelegate.swift in Sources */,
				60116C2824C9A0BC00DF9E09 /* HomeScreenView.swift in Sources */,
				607E384924CAE0B30073DDFD /* MenuView.swift in Sources */,
				60327ED724CE25CE003D49F7 /* QrCodeCameraDelegate.swift in Sources */,
				60327ED324CE242E003D49F7 /* ScannerViewModel.swift in Sources */,
				60327EDB24CE2680003D49F7 /* QrCodeScannerView.swift in Sources */,
				6075E0BE24CB1FA300712730 /* DailyIntakeCalculatorView.swift in Sources */,
				60327ED524CE24A9003D49F7 /* ScannerView.swift in Sources */,
				60327ED924CE2606003D49F7 /* CameraPreview.swift in Sources */,
				605ADB8324CCD4C800E4A200 /* DailyIntakeParrallax.swift in Sources */,
				60F5F11624CA31FD00835292 /* Login.swift in Sources */,
				60116BFA24C99DE300DF9E09 /* ContentView.swift in Sources */,
				60F5F11D24CA356000835292 /* ErrorView.swift in Sources */,
				60116BF524C99DE300DF9E09 /* SceneDelegate.swift in Sources */,
			);
			runOnlyForDeploymentPostprocessing = 0;
		};
		60116C0424C99DE500DF9E09 /* Sources */ = {
			isa = PBXSourcesBuildPhase;
			buildActionMask = 2147483647;
			files = (
				60116C0D24C99DE500DF9E09 /* FoodyScanTests.swift in Sources */,
			);
			runOnlyForDeploymentPostprocessing = 0;
		};
		60116C0F24C99DE600DF9E09 /* Sources */ = {
			isa = PBXSourcesBuildPhase;
			buildActionMask = 2147483647;
			files = (
				60116C1824C99DE600DF9E09 /* FoodyScanUITests.swift in Sources */,
			);
			runOnlyForDeploymentPostprocessing = 0;
		};
/* End PBXSourcesBuildPhase section */

/* Begin PBXTargetDependency section */
		60116C0A24C99DE500DF9E09 /* PBXTargetDependency */ = {
			isa = PBXTargetDependency;
			target = 60116BEE24C99DE300DF9E09 /* FoodyScan */;
			targetProxy = 60116C0924C99DE500DF9E09 /* PBXContainerItemProxy */;
		};
		60116C1524C99DE600DF9E09 /* PBXTargetDependency */ = {
			isa = PBXTargetDependency;
			target = 60116BEE24C99DE300DF9E09 /* FoodyScan */;
			targetProxy = 60116C1424C99DE600DF9E09 /* PBXContainerItemProxy */;
		};
/* End PBXTargetDependency section */

/* Begin PBXVariantGroup section */
		60116C0024C99DE500DF9E09 /* LaunchScreen.storyboard */ = {
			isa = PBXVariantGroup;
			children = (
				60116C0124C99DE500DF9E09 /* Base */,
			);
			name = LaunchScreen.storyboard;
			sourceTree = "<group>";
		};
/* End PBXVariantGroup section */

/* Begin XCBuildConfiguration section */
		60116C1A24C99DE600DF9E09 /* Debug */ = {
			isa = XCBuildConfiguration;
			buildSettings = {
				ALWAYS_SEARCH_USER_PATHS = NO;
				CLANG_ANALYZER_NONNULL = YES;
				CLANG_ANALYZER_NUMBER_OBJECT_CONVERSION = YES_AGGRESSIVE;
				CLANG_CXX_LANGUAGE_STANDARD = "gnu++14";
				CLANG_CXX_LIBRARY = "libc++";
				CLANG_ENABLE_MODULES = YES;
				CLANG_ENABLE_OBJC_ARC = YES;
				CLANG_ENABLE_OBJC_WEAK = YES;
				CLANG_WARN_BLOCK_CAPTURE_AUTORELEASING = YES;
				CLANG_WARN_BOOL_CONVERSION = YES;
				CLANG_WARN_COMMA = YES;
				CLANG_WARN_CONSTANT_CONVERSION = YES;
				CLANG_WARN_DEPRECATED_OBJC_IMPLEMENTATIONS = YES;
				CLANG_WARN_DIRECT_OBJC_ISA_USAGE = YES_ERROR;
				CLANG_WARN_DOCUMENTATION_COMMENTS = YES;
				CLANG_WARN_EMPTY_BODY = YES;
				CLANG_WARN_ENUM_CONVERSION = YES;
				CLANG_WARN_INFINITE_RECURSION = YES;
				CLANG_WARN_INT_CONVERSION = YES;
				CLANG_WARN_NON_LITERAL_NULL_CONVERSION = YES;
				CLANG_WARN_OBJC_IMPLICIT_RETAIN_SELF = YES;
				CLANG_WARN_OBJC_LITERAL_CONVERSION = YES;
				CLANG_WARN_OBJC_ROOT_CLASS = YES_ERROR;
				CLANG_WARN_RANGE_LOOP_ANALYSIS = YES;
				CLANG_WARN_STRICT_PROTOTYPES = YES;
				CLANG_WARN_SUSPICIOUS_MOVE = YES;
				CLANG_WARN_UNGUARDED_AVAILABILITY = YES_AGGRESSIVE;
				CLANG_WARN_UNREACHABLE_CODE = YES;
				CLANG_WARN__DUPLICATE_METHOD_MATCH = YES;
				COPY_PHASE_STRIP = NO;
				DEBUG_INFORMATION_FORMAT = dwarf;
				ENABLE_STRICT_OBJC_MSGSEND = YES;
				ENABLE_TESTABILITY = YES;
				GCC_C_LANGUAGE_STANDARD = gnu11;
				GCC_DYNAMIC_NO_PIC = NO;
				GCC_NO_COMMON_BLOCKS = YES;
				GCC_OPTIMIZATION_LEVEL = 0;
				GCC_PREPROCESSOR_DEFINITIONS = (
					"DEBUG=1",
					"$(inherited)",
				);
				GCC_WARN_64_TO_32_BIT_CONVERSION = YES;
				GCC_WARN_ABOUT_RETURN_TYPE = YES_ERROR;
				GCC_WARN_UNDECLARED_SELECTOR = YES;
				GCC_WARN_UNINITIALIZED_AUTOS = YES_AGGRESSIVE;
				GCC_WARN_UNUSED_FUNCTION = YES;
				GCC_WARN_UNUSED_VARIABLE = YES;
				IPHONEOS_DEPLOYMENT_TARGET = 13.6;
				MTL_ENABLE_DEBUG_INFO = INCLUDE_SOURCE;
				MTL_FAST_MATH = YES;
				ONLY_ACTIVE_ARCH = YES;
				SDKROOT = iphoneos;
				SWIFT_ACTIVE_COMPILATION_CONDITIONS = DEBUG;
				SWIFT_OPTIMIZATION_LEVEL = "-Onone";
			};
			name = Debug;
		};
		60116C1B24C99DE600DF9E09 /* Release */ = {
			isa = XCBuildConfiguration;
			buildSettings = {
				ALWAYS_SEARCH_USER_PATHS = NO;
				CLANG_ANALYZER_NONNULL = YES;
				CLANG_ANALYZER_NUMBER_OBJECT_CONVERSION = YES_AGGRESSIVE;
				CLANG_CXX_LANGUAGE_STANDARD = "gnu++14";
				CLANG_CXX_LIBRARY = "libc++";
				CLANG_ENABLE_MODULES = YES;
				CLANG_ENABLE_OBJC_ARC = YES;
				CLANG_ENABLE_OBJC_WEAK = YES;
				CLANG_WARN_BLOCK_CAPTURE_AUTORELEASING = YES;
				CLANG_WARN_BOOL_CONVERSION = YES;
				CLANG_WARN_COMMA = YES;
				CLANG_WARN_CONSTANT_CONVERSION = YES;
				CLANG_WARN_DEPRECATED_OBJC_IMPLEMENTATIONS = YES;
				CLANG_WARN_DIRECT_OBJC_ISA_USAGE = YES_ERROR;
				CLANG_WARN_DOCUMENTATION_COMMENTS = YES;
				CLANG_WARN_EMPTY_BODY = YES;
				CLANG_WARN_ENUM_CONVERSION = YES;
				CLANG_WARN_INFINITE_RECURSION = YES;
				CLANG_WARN_INT_CONVERSION = YES;
				CLANG_WARN_NON_LITERAL_NULL_CONVERSION = YES;
				CLANG_WARN_OBJC_IMPLICIT_RETAIN_SELF = YES;
				CLANG_WARN_OBJC_LITERAL_CONVERSION = YES;
				CLANG_WARN_OBJC_ROOT_CLASS = YES_ERROR;
				CLANG_WARN_RANGE_LOOP_ANALYSIS = YES;
				CLANG_WARN_STRICT_PROTOTYPES = YES;
				CLANG_WARN_SUSPICIOUS_MOVE = YES;
				CLANG_WARN_UNGUARDED_AVAILABILITY = YES_AGGRESSIVE;
				CLANG_WARN_UNREACHABLE_CODE = YES;
				CLANG_WARN__DUPLICATE_METHOD_MATCH = YES;
				COPY_PHASE_STRIP = NO;
				DEBUG_INFORMATION_FORMAT = "dwarf-with-dsym";
				ENABLE_NS_ASSERTIONS = NO;
				ENABLE_STRICT_OBJC_MSGSEND = YES;
				GCC_C_LANGUAGE_STANDARD = gnu11;
				GCC_NO_COMMON_BLOCKS = YES;
				GCC_WARN_64_TO_32_BIT_CONVERSION = YES;
				GCC_WARN_ABOUT_RETURN_TYPE = YES_ERROR;
				GCC_WARN_UNDECLARED_SELECTOR = YES;
				GCC_WARN_UNINITIALIZED_AUTOS = YES_AGGRESSIVE;
				GCC_WARN_UNUSED_FUNCTION = YES;
				GCC_WARN_UNUSED_VARIABLE = YES;
				IPHONEOS_DEPLOYMENT_TARGET = 13.6;
				MTL_ENABLE_DEBUG_INFO = NO;
				MTL_FAST_MATH = YES;
				SDKROOT = iphoneos;
				SWIFT_COMPILATION_MODE = wholemodule;
				SWIFT_OPTIMIZATION_LEVEL = "-O";
				VALIDATE_PRODUCT = YES;
			};
			name = Release;
		};
		60116C1D24C99DE600DF9E09 /* Debug */ = {
			isa = XCBuildConfiguration;
			baseConfigurationReference = C7FFD4961E699F2F33C97446 /* Pods-FoodyScan.debug.xcconfig */;
			buildSettings = {
				ASSETCATALOG_COMPILER_APPICON_NAME = AppIcon;
				CODE_SIGN_STYLE = Automatic;
				DEVELOPMENT_ASSET_PATHS = "\"FoodyScan/Preview Content\"";
				DEVELOPMENT_TEAM = P69D93MRT6;
				ENABLE_PREVIEWS = YES;
				INFOPLIST_FILE = FoodyScan/Info.plist;
				IPHONEOS_DEPLOYMENT_TARGET = 13.0;
				LD_RUNPATH_SEARCH_PATHS = (
					"$(inherited)",
					"@executable_path/Frameworks",
				);
				PRODUCT_BUNDLE_IDENTIFIER = noedelacroix.FoodyScan;
				PRODUCT_NAME = "$(TARGET_NAME)";
				SWIFT_VERSION = 5.0;
				TARGETED_DEVICE_FAMILY = "1,2";
			};
			name = Debug;
		};
		60116C1E24C99DE600DF9E09 /* Release */ = {
			isa = XCBuildConfiguration;
			baseConfigurationReference = D69A2FEFD4978B6FD065F588 /* Pods-FoodyScan.release.xcconfig */;
			buildSettings = {
				ASSETCATALOG_COMPILER_APPICON_NAME = AppIcon;
				CODE_SIGN_STYLE = Automatic;
				DEVELOPMENT_ASSET_PATHS = "\"FoodyScan/Preview Content\"";
				DEVELOPMENT_TEAM = P69D93MRT6;
				ENABLE_PREVIEWS = YES;
				INFOPLIST_FILE = FoodyScan/Info.plist;
				IPHONEOS_DEPLOYMENT_TARGET = 13.0;
				LD_RUNPATH_SEARCH_PATHS = (
					"$(inherited)",
					"@executable_path/Frameworks",
				);
				PRODUCT_BUNDLE_IDENTIFIER = noedelacroix.FoodyScan;
				PRODUCT_NAME = "$(TARGET_NAME)";
				SWIFT_VERSION = 5.0;
				TARGETED_DEVICE_FAMILY = "1,2";
			};
			name = Release;
		};
		60116C2024C99DE600DF9E09 /* Debug */ = {
			isa = XCBuildConfiguration;
			baseConfigurationReference = 8A58E9D8EC05A3DD002A3AC7 /* Pods-FoodyScanTests.debug.xcconfig */;
			buildSettings = {
				ALWAYS_EMBED_SWIFT_STANDARD_LIBRARIES = YES;
				BUNDLE_LOADER = "$(TEST_HOST)";
				CODE_SIGN_STYLE = Automatic;
				DEVELOPMENT_TEAM = P69D93MRT6;
				INFOPLIST_FILE = FoodyScanTests/Info.plist;
				IPHONEOS_DEPLOYMENT_TARGET = 13.6;
				LD_RUNPATH_SEARCH_PATHS = (
					"$(inherited)",
					"@executable_path/Frameworks",
					"@loader_path/Frameworks",
				);
				PRODUCT_BUNDLE_IDENTIFIER = noedelacroix.FoodyScanTests;
				PRODUCT_NAME = "$(TARGET_NAME)";
				SWIFT_VERSION = 5.0;
				TARGETED_DEVICE_FAMILY = "1,2";
				TEST_HOST = "$(BUILT_PRODUCTS_DIR)/FoodyScan.app/FoodyScan";
			};
			name = Debug;
		};
		60116C2124C99DE600DF9E09 /* Release */ = {
			isa = XCBuildConfiguration;
			baseConfigurationReference = 5681C2F323F2153B14DD313F /* Pods-FoodyScanTests.release.xcconfig */;
			buildSettings = {
				ALWAYS_EMBED_SWIFT_STANDARD_LIBRARIES = YES;
				BUNDLE_LOADER = "$(TEST_HOST)";
				CODE_SIGN_STYLE = Automatic;
				DEVELOPMENT_TEAM = P69D93MRT6;
				INFOPLIST_FILE = FoodyScanTests/Info.plist;
				IPHONEOS_DEPLOYMENT_TARGET = 13.6;
				LD_RUNPATH_SEARCH_PATHS = (
					"$(inherited)",
					"@executable_path/Frameworks",
					"@loader_path/Frameworks",
				);
				PRODUCT_BUNDLE_IDENTIFIER = noedelacroix.FoodyScanTests;
				PRODUCT_NAME = "$(TARGET_NAME)";
				SWIFT_VERSION = 5.0;
				TARGETED_DEVICE_FAMILY = "1,2";
				TEST_HOST = "$(BUILT_PRODUCTS_DIR)/FoodyScan.app/FoodyScan";
			};
			name = Release;
		};
		60116C2324C99DE600DF9E09 /* Debug */ = {
			isa = XCBuildConfiguration;
			baseConfigurationReference = 060728A70B162DEC778F29DD /* Pods-FoodyScan-FoodyScanUITests.debug.xcconfig */;
			buildSettings = {
				ALWAYS_EMBED_SWIFT_STANDARD_LIBRARIES = YES;
				CODE_SIGN_STYLE = Automatic;
				DEVELOPMENT_TEAM = P69D93MRT6;
				INFOPLIST_FILE = FoodyScanUITests/Info.plist;
				LD_RUNPATH_SEARCH_PATHS = (
					"$(inherited)",
					"@executable_path/Frameworks",
					"@loader_path/Frameworks",
				);
				PRODUCT_BUNDLE_IDENTIFIER = noedelacroix.FoodyScanUITests;
				PRODUCT_NAME = "$(TARGET_NAME)";
				SWIFT_VERSION = 5.0;
				TARGETED_DEVICE_FAMILY = "1,2";
				TEST_TARGET_NAME = FoodyScan;
			};
			name = Debug;
		};
		60116C2424C99DE600DF9E09 /* Release */ = {
			isa = XCBuildConfiguration;
			baseConfigurationReference = 09C8190BD6E24BA136DFE24E /* Pods-FoodyScan-FoodyScanUITests.release.xcconfig */;
			buildSettings = {
				ALWAYS_EMBED_SWIFT_STANDARD_LIBRARIES = YES;
				CODE_SIGN_STYLE = Automatic;
				DEVELOPMENT_TEAM = P69D93MRT6;
				INFOPLIST_FILE = FoodyScanUITests/Info.plist;
				LD_RUNPATH_SEARCH_PATHS = (
					"$(inherited)",
					"@executable_path/Frameworks",
					"@loader_path/Frameworks",
				);
				PRODUCT_BUNDLE_IDENTIFIER = noedelacroix.FoodyScanUITests;
				PRODUCT_NAME = "$(TARGET_NAME)";
				SWIFT_VERSION = 5.0;
				TARGETED_DEVICE_FAMILY = "1,2";
				TEST_TARGET_NAME = FoodyScan;
			};
			name = Release;
		};
/* End XCBuildConfiguration section */

/* Begin XCConfigurationList section */
		60116BEA24C99DE300DF9E09 /* Build configuration list for PBXProject "FoodyScan" */ = {
			isa = XCConfigurationList;
			buildConfigurations = (
				60116C1A24C99DE600DF9E09 /* Debug */,
				60116C1B24C99DE600DF9E09 /* Release */,
			);
			defaultConfigurationIsVisible = 0;
			defaultConfigurationName = Release;
		};
		60116C1C24C99DE600DF9E09 /* Build configuration list for PBXNativeTarget "FoodyScan" */ = {
			isa = XCConfigurationList;
			buildConfigurations = (
				60116C1D24C99DE600DF9E09 /* Debug */,
				60116C1E24C99DE600DF9E09 /* Release */,
			);
			defaultConfigurationIsVisible = 0;
			defaultConfigurationName = Release;
		};
		60116C1F24C99DE600DF9E09 /* Build configuration list for PBXNativeTarget "FoodyScanTests" */ = {
			isa = XCConfigurationList;
			buildConfigurations = (
				60116C2024C99DE600DF9E09 /* Debug */,
				60116C2124C99DE600DF9E09 /* Release */,
			);
			defaultConfigurationIsVisible = 0;
			defaultConfigurationName = Release;
		};
		60116C2224C99DE600DF9E09 /* Build configuration list for PBXNativeTarget "FoodyScanUITests" */ = {
			isa = XCConfigurationList;
			buildConfigurations = (
				60116C2324C99DE600DF9E09 /* Debug */,
				60116C2424C99DE600DF9E09 /* Release */,
			);
			defaultConfigurationIsVisible = 0;
			defaultConfigurationName = Release;
		};
/* End XCConfigurationList section */

/* Begin XCVersionGroup section */
		605EB61F24CD8E91005EA648 /* FoodyScan.xcdatamodeld */ = {
			isa = XCVersionGroup;
			children = (
				605EB62024CD8E91005EA648 /* FoodyScan.xcdatamodel */,
			);
			currentVersion = 605EB62024CD8E91005EA648 /* FoodyScan.xcdatamodel */;
			path = FoodyScan.xcdatamodeld;
			sourceTree = "<group>";
			versionGroupType = wrapper.xcdatamodel;
		};
/* End XCVersionGroup section */
	};
	rootObject = 60116BE724C99DE300DF9E09 /* Project object */;
}
